{
    "_meta": {
        "hash": {
            "sha256": "9401bb9ab51c35223f41c50cd9efb8d129f9d6a20cb523cdd11f27ca9fb15163"
        },
        "pipfile-spec": 6,
        "requires": {
            "python_version": "3.8.10"
        },
        "sources": [
            {
                "name": "pypi",
                "url": "https://pypi.org/simple",
                "verify_ssl": true
            }
        ]
    },
    "default": {
        "cftime": {
            "hashes": [
                "sha256:003abc800933a39d6f4ecec113f401aef9961642a4769aa1099ed34e0c1c3d46",
                "sha256:09970124c0a8c84a66e34e8655c42f0254e1c29d73a766e71c9a871ce57f125b",
                "sha256:1187fa1107974fe374f90936e39d2e09ac7cb4ffcd3b31314898684a2cebba87",
                "sha256:13103e6650beea6552316bd5825d6aa3b7e98f5b8115026df4826798dff9f741",
                "sha256:13e92118fa3606b2a1d95bbe1a18a0a260ba85704d9ff061e9599b0e745bb4a9",
                "sha256:1888f0c0ab37d6ee23d07e74e51dcaae136da48784ceaa5d078115aa2e2b8b92",
                "sha256:1c56556900b9ae3a5b4c9705699d78f865994e5c3c92cd230d54c89d669b88f0",
                "sha256:1f43f1c839f5579bf045f13b0d2deb15048d314d209039664003ae1bf2544898",
                "sha256:2da21d8626a7f549eaaae7d314110133914fa24726e4e7caab2775627cb7361a",
                "sha256:4c608937082980e0905657ec2475b3ff2a2fc89255e185f44076da482102f617",
                "sha256:4d39b666284c78726eb7ea8b4ad29aacd387e912177721b3eb9bdc508e2b86fa",
                "sha256:517c50e29b3c141919d83bf3782892e4a4144034b63722e7a266db25488b3bb5",
                "sha256:519d1c391ed7be3bb4d84990a51a76cbb1cc894bd776637c0227dfe1f6274f39",
                "sha256:64bcb6ca9ef922b2332e9ed91cd6f6f2fe28de392fb10e752f2ac83ffdc50854",
                "sha256:7900daf0efa495f263c3c5b0c96502cc909fb07ef56844791e3c8cdbb08a741c",
                "sha256:80390ddb68a7e27b52bf83efc040c8e3ec2e3b0bb0e66084a75498fb39f63a63",
                "sha256:9b31455449d2e347d033a6440f94305ce7eb48d32d863dfe0f53671c78e2561d",
                "sha256:a49b023ca5cab9c43d33b3a43edc5a112f5d452f75fc1a85f8ca136f4fa9d440",
                "sha256:a6c1e59299250299f23ab526d1ad640dcc3b9eb311468a8f9112f9d53d6106c6",
                "sha256:a8a56edad64912b11d8f80245b5ce7e61057eee22b6af0718e9d086b381a17d9",
                "sha256:b420e3811da55db538008229b3ca34055734d6ade12316889d1979d770d7dfaf",
                "sha256:bb0d680149f128d181ef1c6561eaebbf99b572329dee090c83b6735d7284a703",
                "sha256:bfb03c766250d86d6abf546d4c1fbe0db7401eaedeab5bbbd0e599fde7c7a7d3",
                "sha256:c0b3aff3c955d18342c2097ad1102c78d0999dba5de178d0ce68a317caf6f87e",
                "sha256:cab3fee686c58e2ce2f61e1bf138711eefde6c0235b0cfc736c8ea96381d8346",
                "sha256:e020db7391b2112e4c1ec9db75ff82031f979666264903697ab5ad0bfb20d490",
                "sha256:e195ed19638f324c40bb0094d13385d58e798607670b91cc8f42717a0a832263",
                "sha256:eca80007816b9dd1cc154a393b8da2ada22baad1ac7b2b2a9cc01451796e3e93",
                "sha256:ee740b8dd77cb1773ae1560b890cee3aa5b82a4a7ca056223f08f4b37ebb6466",
                "sha256:f63c14e98022c3a67ff7c5c12edf17912a7353ddd95bbfde6db1e4bc05ea5bdc",
                "sha256:f7007e7cd837cb37716149d7c735b90b947b3370b7a5652d58675ea940541542"
            ],
            "version": "==1.6.0"
        },
        "cython": {
            "hashes": [
                "sha256:019d330ac580b2ca4a457c464ac0b8c35009d820ef5d09f328d6e31a10e1ce89",
                "sha256:0b83a342a071c4f14e7410568e0c0bd95e2f20c0b32944e3a721649a1357fda4",
                "sha256:0cd6c932e945af15ae4ddcf8fdc0532bda48784c92ed0a53cf4fae897067ccd1",
                "sha256:1e078943bbde703ca08d43e719480eb8b187d9023cbd91798619f5b5e18d0d71",
                "sha256:20778297c8bcba201ca122a2f792a9899d6e64c68a92363dd7eb24306d54d7ce",
                "sha256:2235b62da8fe6fa8b99422c8e583f2fb95e143867d337b5c75e4b9a1a865f9e3",
                "sha256:28db751e2d8365b39664d9cb62dc1668688b8fcc5b954e9ca9d20e0b8e03d8b0",
                "sha256:3993aafd68a7311ef94e00e44a137f6a50a69af0575ebcc8a0a074ad4152a2b2",
                "sha256:3d0239c7a22a0f3fb1deec75cab0078eba4dd17868aa992a54a178851e0c8684",
                "sha256:5183356c756b56c2df12d96300d602e47ffb89943c5a0bded66faca5d3da7be0",
                "sha256:58d2b734250c1093bc69c1c3a6f5736493b9f8b34eb765f0a28a4a09468c0b00",
                "sha256:5a8a3709ad9343a1dc02b8ec9cf6bb284be248d2c64af85464d9c3525eec74a5",
                "sha256:5c7cfd908efc77306ddd41ef07f5a7a352c9205ced5c1e00a0e5ece4391707c4",
                "sha256:5f2dae7dd56860018d5fd5032a71f11fdc224020932b463d0511a1536f27df85",
                "sha256:60d370c33d56077d30e5f425026e58c2559e93b4784106f61581cf54071f6270",
                "sha256:6b389a94b42909ff56d3491fde7c44802053a103701a7d210dcdd449a5b4f7b4",
                "sha256:71fd1d910aced510c001936667fc7f2901c49b2ca7a2ad67358979c94a7f42ac",
                "sha256:786ee7b0cdb508b6de64c0f1f9c74f207186dfafad1ef938f25b7494cc481a80",
                "sha256:7eff71c39b98078deaad1d1bdbf10864d234e2ab5d5257e980a6926a8523f697",
                "sha256:80a7255ad84620f53235c0720cdee2bc7431d9e3db7b3742823a606c329eb539",
                "sha256:88c5e2f92f16cd999ddfc43d572639679e8a057587088e627e98118e46a803e6",
                "sha256:8e08f18d249b9b65e272a5a60f3360a8922c4c149036b98fc821fe1afad5bdae",
                "sha256:9462e9cf284d9b1d2c5b53d62188e3c09cc5c7a0018ba349d99b73cf930238de",
                "sha256:9826981308802c61a76f967875b31b7c683b7fc369eabaa6cbc22efeb12c90e8",
                "sha256:9f1fe924c920b699af27aefebd722df4cfbb85206291623cd37d1a7ddfd57792",
                "sha256:a30092c6e2d24255fbfe0525f9a750554f96a263ed986d12ac3c9f7d9a85a424",
                "sha256:abcaf99f90cddc0f53600613eaafc81d27c4ac0671f0df8bce5466d4e86d54a1",
                "sha256:acb72e0b42079862cf2f894964b41f261e941e75677e902c5f4304b3eb00af33",
                "sha256:b17639b6a155abaa61a89f6f1323fb57b138d0529911ca03978d594945d062ba",
                "sha256:c299c5b250ae9f81c38200441b6f1d023aeee9d8e7f61c04001c7437181ccb06",
                "sha256:c79685dd4631a188e2385dc6a232896c7b67ea2e3e5f8b5555b4b743f475d6d7",
                "sha256:d0859a958e0155b6ae4dee04170ccfac2c3d613a7e3bee8749614530b9e3b4a4",
                "sha256:d0f34b44078e3e0b2f1be2b99044619b37127128e7d55c54bbd2438adcaf31d3",
                "sha256:d166d9f853db436f5e10733a9bd615699ddb4238feadcbdf5ae50dc0b18b18f5",
                "sha256:d52d5733dcb144deca8985f0a197c19cf71e6bd6bd9d8034f3f67b2dea68d12b",
                "sha256:e29d3487f357108b711f2f29319811d92166643d29aec1b8e063aad46a346775",
                "sha256:e36755e71fd20eceb410cc441b7f2586654c2edb013f4663842fdaf60b96c1ca",
                "sha256:e5cb144728a335d7a7fd0a61dff6abb7a9aeff9acd46d50b886b7d9a95bb7311",
                "sha256:e605635a92ae862cb46d84d1d6883324518f9aaff4a71cede6d61df20b6a410c",
                "sha256:ffa8c09617833ff0824aa7926fa4fa9d2ec3929c67168e89105f276b7f36a63e"
            ],
            "index": "pypi",
            "version": "==0.29.30"
        },
        "environs": {
            "hashes": [
                "sha256:1e549569a3de49c05f856f40bce86979e7d5ffbbc4398e7f338574c220189124",
                "sha256:a76307b36fbe856bdca7ee9161e6c466fd7fcffc297109a118c59b54e27e30c9"
            ],
            "index": "pypi",
            "version": "==9.5.0"
        },
        "marshmallow": {
            "hashes": [
                "sha256:00040ab5ea0c608e8787137627a8efae97fabd60552a05dc889c888f814e75eb",
                "sha256:635fb65a3285a31a30f276f30e958070f5214c7196202caa5c7ecf28f5274bc7"
            ],
            "markers": "python_version >= '3.7'",
            "version": "==3.17.0"
        },
        "netcdf4": {
            "hashes": [
                "sha256:018bda7badd7dd1c228d3edf1fab46c228333678d3b60e79d8a83caeffd90577",
                "sha256:01af66cf480c6b1d2ac04a0c91a87bb20d01ef13377fa4b91e9d54b13255d5c1",
                "sha256:134661e230c12676431b78f3acf5d20df73e16648f9c27edb32ef98a7df49f06",
                "sha256:35cad527a95c3afd202df07e2909186283619c39d6102e048f511e454ce2a5e7",
                "sha256:396266a4e91dc26006cb19e6d132bb22de320e52da2ba62ed81ed6791538834b",
                "sha256:47ec9525a5f2b9e8c89994363c52d66feb70dda0ba470a1d89d56c553361d1b4",
                "sha256:5b834b2f035cf6323f605b7d40dca501bc666825d58514313bb9f92c64d09ea3",
                "sha256:680d4e7079721789d6d2e88b245c6ee37838774c4241ee0406dbba6959fbd3c8",
                "sha256:7aea5661b2288d3ff13796ad94e35de9282004b38b79b4ea145210d0f0fb694f",
                "sha256:7f6cb8de2907c041689e9b08b8a73d1d242c2e77f9f30c9ffe096bd589740b71",
                "sha256:821c2962d9861236a88f150a1d1532a4a368ac4def302f6f8f4af89f818fe410",
                "sha256:885c6a5e953afe4e6f929f3de2ab92caa1933c394bac70dd38c948a994065f6d",
                "sha256:8cb157bf7a0ffaab2ad2a7f7ccb824d91c30ded5196eae39fba90e806d9800e3",
                "sha256:8d4dbfe759c27a1186bd21537e57761959995c783b5140944b20ebad259ac62f",
                "sha256:95efa373d9a3e1cd0df7193e76e6680d9eca28e60097ca8139afea8a4346ba63",
                "sha256:98d716a63a147961948a35cd383f2d723855d63cb15cf5b827b3f8f2bf269820",
                "sha256:9afbd3e22e6ffeb6e2d51c8de17debbfa4e0ce04aa31850c13accf41ad4a6637",
                "sha256:ab83d3ce100a5cbdb631ae572c01f0e19d1f3cfae9cc2ead0490cfea941875e5",
                "sha256:b4b8cfa01b77feab961109edeb4474c9b65f88d5f375cac293b6ebaa2d5e8b7f",
                "sha256:c30715f5a41ac974ff848b282f9d55a7c5127cfeade00019b099312236bec529",
                "sha256:c36f744d68c985ca1613d1e55d56fc8bd24df4e1d3cfb3e9f7ee3c3263ea60a2",
                "sha256:d0eaa08997eb33c70c255909052b6f45388ef863602e064ae04e7d347ca4cb98",
                "sha256:d8df3d61d3f4e850fe94d14fa86e4a67ebf3dbee73bc8ae35bc5c6881d430a91",
                "sha256:e055e1e7dcd62b3369786d6be80de5603f4f76a20408e6939695ed8340c5a5b3",
                "sha256:e3d02c8a171091a8b86064dd95db583e0edec7447eba639e7a0eddb608d9fdc6",
                "sha256:f21b657de01be678ecf321678c9b8bc73da1e070181a40a5916547e02cd1037d",
                "sha256:f4f0646c04c2836e28fe915d950375a784aa8d89696529a7e53a7fe85999e0b8",
                "sha256:f6ccd91a523d923a7d76f137db9cf86b1d180ef8ff948b468768671941063ca0"
            ],
            "index": "pypi",
            "version": "==1.6.0"
        },
        "numpy": {
            "hashes": [
                "sha256:092f5e6025813e64ad6d1b52b519165d08c730d099c114a9247c9bb635a2a450",
                "sha256:196cd074c3f97c4121601790955f915187736f9cf458d3ee1f1b46aff2b1ade0",
                "sha256:1c29b44905af288b3919803aceb6ec7fec77406d8b08aaa2e8b9e63d0fe2f160",
                "sha256:2b2da66582f3a69c8ce25ed7921dcd8010d05e59ac8d89d126a299be60421171",
                "sha256:5043bcd71fcc458dfb8a0fc5509bbc979da0131b9d08e3d5f50fb0bbb36f169a",
                "sha256:58bfd40eb478f54ff7a5710dd61c8097e169bc36cc68333d00a9bcd8def53b38",
                "sha256:79a506cacf2be3a74ead5467aee97b81fca00c9c4c8b3ba16dbab488cd99ba10",
                "sha256:94b170b4fa0168cd6be4becf37cb5b127bd12a795123984385b8cd4aca9857e5",
                "sha256:97a76604d9b0e79f59baeca16593c711fddb44936e40310f78bfef79ee9a835f",
                "sha256:98e8e0d8d69ff4d3fa63e6c61e8cfe2d03c29b16b58dbef1f9baa175bbed7860",
                "sha256:ac86f407873b952679f5f9e6c0612687e51547af0e14ddea1eedfcb22466babd",
                "sha256:ae8adff4172692ce56233db04b7ce5792186f179c415c37d539c25de7298d25d",
                "sha256:bd3fa4fe2e38533d5336e1272fc4e765cabbbde144309ccee8675509d5cd7b05",
                "sha256:d0d2094e8f4d760500394d77b383a1b06d3663e8892cdf5df3c592f55f3bff66",
                "sha256:d54b3b828d618a19779a84c3ad952e96e2c2311b16384e973e671aa5be1f6187",
                "sha256:d6ca8dabe696c2785d0c8c9b0d8a9b6e5fdbe4f922bde70d57fa1a2848134f95",
                "sha256:d8cc87bed09de55477dba9da370c1679bd534df9baa171dd01accbb09687dac3",
                "sha256:f0f18804df7370571fb65db9b98bf1378172bd4e962482b857e612d1fec0f53e",
                "sha256:f1d88ef79e0a7fa631bb2c3dda1ea46b32b1fe614e10fedd611d3d5398447f2f",
                "sha256:f9c3fc2adf67762c9fe1849c859942d23f8d3e0bee7b5ed3d4a9c3eeb50a2f07",
                "sha256:fc431493df245f3c627c0c05c2bd134535e7929dbe2e602b80e42bf52ff760bc",
                "sha256:fe8b9683eb26d2c4d5db32cd29b38fdcf8381324ab48313b5b69088e0e355379"
            ],
            "index": "pypi",
            "version": "==1.23.0"
        },
        "packaging": {
            "hashes": [
                "sha256:dd47c42927d89ab911e606518907cc2d3a1f38bbd026385970643f9c5b8ecfeb",
                "sha256:ef103e05f519cdc783ae24ea4e2e0f508a9c99b2d4969652eed6a2e1ea5bd522"
            ],
            "markers": "python_version >= '3.6'",
            "version": "==21.3"
        },
        "pandas": {
            "hashes": [
                "sha256:07238a58d7cbc8a004855ade7b75bbd22c0db4b0ffccc721556bab8a095515f6",
                "sha256:0daf876dba6c622154b2e6741f29e87161f844e64f84801554f879d27ba63c0d",
                "sha256:16ad23db55efcc93fa878f7837267973b61ea85d244fc5ff0ccbcfa5638706c5",
                "sha256:1d9382f72a4f0e93909feece6fef5500e838ce1c355a581b3d8f259839f2ea76",
                "sha256:24ea75f47bbd5574675dae21d51779a4948715416413b30614c1e8b480909f81",
                "sha256:2893e923472a5e090c2d5e8db83e8f907364ec048572084c7d10ef93546be6d1",
                "sha256:2ff7788468e75917574f080cd4681b27e1a7bf36461fe968b49a87b5a54d007c",
                "sha256:41fc406e374590a3d492325b889a2686b31e7a7780bec83db2512988550dadbf",
                "sha256:48350592665ea3cbcd07efc8c12ff12d89be09cd47231c7925e3b8afada9d50d",
                "sha256:605d572126eb4ab2eadf5c59d5d69f0608df2bf7bcad5c5880a47a20a0699e3e",
                "sha256:6dfbf16b1ea4f4d0ee11084d9c026340514d1d30270eaa82a9f1297b6c8ecbf0",
                "sha256:6f803320c9da732cc79210d7e8cc5c8019aad512589c910c66529eb1b1818230",
                "sha256:721a3dd2f06ef942f83a819c0f3f6a648b2830b191a72bbe9451bcd49c3bd42e",
                "sha256:755679c49460bd0d2f837ab99f0a26948e68fa0718b7e42afbabd074d945bf84",
                "sha256:78b00429161ccb0da252229bcda8010b445c4bf924e721265bec5a6e96a92e92",
                "sha256:958a0588149190c22cdebbc0797e01972950c927a11a900fe6c2296f207b1d6f",
                "sha256:a3924692160e3d847e18702bb048dc38e0e13411d2b503fecb1adf0fcf950ba4",
                "sha256:d51674ed8e2551ef7773820ef5dab9322be0828629f2cbf8d1fc31a0c4fed640",
                "sha256:d5ebc990bd34f4ac3c73a2724c2dcc9ee7bf1ce6cf08e87bb25c6ad33507e318",
                "sha256:d6c0106415ff1a10c326c49bc5dd9ea8b9897a6ca0c8688eb9c30ddec49535ef",
                "sha256:e48fbb64165cda451c06a0f9e4c7a16b534fcabd32546d531b3c240ce2844112"
            ],
            "markers": "python_version >= '3.8'",
            "version": "==1.4.3"
        },
        "psycopg2-binary": {
            "hashes": [
                "sha256:01310cf4cf26db9aea5158c217caa92d291f0500051a6469ac52166e1a16f5b7",
                "sha256:083a55275f09a62b8ca4902dd11f4b33075b743cf0d360419e2051a8a5d5ff76",
                "sha256:090f3348c0ab2cceb6dfbe6bf721ef61262ddf518cd6cc6ecc7d334996d64efa",
                "sha256:0a29729145aaaf1ad8bafe663131890e2111f13416b60e460dae0a96af5905c9",
                "sha256:0c9d5450c566c80c396b7402895c4369a410cab5a82707b11aee1e624da7d004",
                "sha256:10bb90fb4d523a2aa67773d4ff2b833ec00857f5912bafcfd5f5414e45280fb1",
                "sha256:12b11322ea00ad8db8c46f18b7dfc47ae215e4df55b46c67a94b4effbaec7094",
                "sha256:152f09f57417b831418304c7f30d727dc83a12761627bb826951692cc6491e57",
                "sha256:15803fa813ea05bef089fa78835118b5434204f3a17cb9f1e5dbfd0b9deea5af",
                "sha256:15c4e4cfa45f5a60599d9cec5f46cd7b1b29d86a6390ec23e8eebaae84e64554",
                "sha256:183a517a3a63503f70f808b58bfbf962f23d73b6dccddae5aa56152ef2bcb232",
                "sha256:1f14c8b0942714eb3c74e1e71700cbbcb415acbc311c730370e70c578a44a25c",
                "sha256:1f6b813106a3abdf7b03640d36e24669234120c72e91d5cbaeb87c5f7c36c65b",
                "sha256:280b0bb5cbfe8039205c7981cceb006156a675362a00fe29b16fbc264e242834",
                "sha256:2d872e3c9d5d075a2e104540965a1cf898b52274a5923936e5bfddb58c59c7c2",
                "sha256:2f9ffd643bc7349eeb664eba8864d9e01f057880f510e4681ba40a6532f93c71",
                "sha256:3303f8807f342641851578ee7ed1f3efc9802d00a6f83c101d21c608cb864460",
                "sha256:35168209c9d51b145e459e05c31a9eaeffa9a6b0fd61689b48e07464ffd1a83e",
                "sha256:3a79d622f5206d695d7824cbf609a4f5b88ea6d6dab5f7c147fc6d333a8787e4",
                "sha256:404224e5fef3b193f892abdbf8961ce20e0b6642886cfe1fe1923f41aaa75c9d",
                "sha256:46f0e0a6b5fa5851bbd9ab1bc805eef362d3a230fbdfbc209f4a236d0a7a990d",
                "sha256:47133f3f872faf28c1e87d4357220e809dfd3fa7c64295a4a148bcd1e6e34ec9",
                "sha256:526ea0378246d9b080148f2d6681229f4b5964543c170dd10bf4faaab6e0d27f",
                "sha256:53293533fcbb94c202b7c800a12c873cfe24599656b341f56e71dd2b557be063",
                "sha256:539b28661b71da7c0e428692438efbcd048ca21ea81af618d845e06ebfd29478",
                "sha256:57804fc02ca3ce0dbfbef35c4b3a4a774da66d66ea20f4bda601294ad2ea6092",
                "sha256:63638d875be8c2784cfc952c9ac34e2b50e43f9f0a0660b65e2a87d656b3116c",
                "sha256:6472a178e291b59e7f16ab49ec8b4f3bdada0a879c68d3817ff0963e722a82ce",
                "sha256:68641a34023d306be959101b345732360fc2ea4938982309b786f7be1b43a4a1",
                "sha256:6e82d38390a03da28c7985b394ec3f56873174e2c88130e6966cb1c946508e65",
                "sha256:761df5313dc15da1502b21453642d7599d26be88bff659382f8f9747c7ebea4e",
                "sha256:7af0dd86ddb2f8af5da57a976d27cd2cd15510518d582b478fbb2292428710b4",
                "sha256:7b1e9b80afca7b7a386ef087db614faebbf8839b7f4db5eb107d0f1a53225029",
                "sha256:874a52ecab70af13e899f7847b3e074eeb16ebac5615665db33bce8a1009cf33",
                "sha256:887dd9aac71765ac0d0bac1d0d4b4f2c99d5f5c1382d8b770404f0f3d0ce8a39",
                "sha256:8b344adbb9a862de0c635f4f0425b7958bf5a4b927c8594e6e8d261775796d53",
                "sha256:8fc53f9af09426a61db9ba357865c77f26076d48669f2e1bb24d85a22fb52307",
                "sha256:91920527dea30175cc02a1099f331aa8c1ba39bf8b7762b7b56cbf54bc5cce42",
                "sha256:93cd1967a18aa0edd4b95b1dfd554cf15af657cb606280996d393dadc88c3c35",
                "sha256:99485cab9ba0fa9b84f1f9e1fef106f44a46ef6afdeec8885e0b88d0772b49e8",
                "sha256:9d29409b625a143649d03d0fd7b57e4b92e0ecad9726ba682244b73be91d2fdb",
                "sha256:a29b3ca4ec9defec6d42bf5feb36bb5817ba3c0230dd83b4edf4bf02684cd0ae",
                "sha256:a9e1f75f96ea388fbcef36c70640c4efbe4650658f3d6a2967b4cc70e907352e",
                "sha256:accfe7e982411da3178ec690baaceaad3c278652998b2c45828aaac66cd8285f",
                "sha256:adf20d9a67e0b6393eac162eb81fb10bc9130a80540f4df7e7355c2dd4af9fba",
                "sha256:af9813db73395fb1fc211bac696faea4ca9ef53f32dc0cfa27e4e7cf766dcf24",
                "sha256:b1c8068513f5b158cf7e29c43a77eb34b407db29aca749d3eb9293ee0d3103ca",
                "sha256:bda845b664bb6c91446ca9609fc69f7db6c334ec5e4adc87571c34e4f47b7ddb",
                "sha256:c381bda330ddf2fccbafab789d83ebc6c53db126e4383e73794c74eedce855ef",
                "sha256:c3ae8e75eb7160851e59adc77b3a19a976e50622e44fd4fd47b8b18208189d42",
                "sha256:d1c1b569ecafe3a69380a94e6ae09a4789bbb23666f3d3a08d06bbd2451f5ef1",
                "sha256:def68d7c21984b0f8218e8a15d514f714d96904265164f75f8d3a70f9c295667",
                "sha256:dffc08ca91c9ac09008870c9eb77b00a46b3378719584059c034b8945e26b272",
                "sha256:e3699852e22aa68c10de06524a3721ade969abf382da95884e6a10ff798f9281",
                "sha256:e847774f8ffd5b398a75bc1c18fbb56564cda3d629fe68fd81971fece2d3c67e",
                "sha256:ffb7a888a047696e7f8240d649b43fb3644f14f0ee229077e7f6b9f9081635bd"
            ],
            "index": "pypi",
            "version": "==2.9.3"
        },
        "pymongo": {
            "hashes": [
                "sha256:019a4c13ef1d9accd08de70247068671b116a0383adcd684f6365219f29f41cd",
                "sha256:07f50a3b8a3afb086089abcd9ab562fb2a27b63fd7017ca13dfe7b663c8f3762",
                "sha256:08a619c92769bd7346434dfc331a3aa8dc63bee80ed0be250bb0e878c69a6f3e",
                "sha256:0a3474e6a0df0077a44573727341df6627042df5ca61ea5373c157bb6512ccc7",
                "sha256:0b8a1c766de29173ddbd316dbd75a97b19a4cf9ac45a39ad4f53426e5df1483b",
                "sha256:0f7e3872fb7b61ec574b7e04302ea03928b670df583f8691cb1df6e54cd42b19",
                "sha256:17df40753085ccba38a0e150001f757910d66440d9b5deced30ed4cc8b45b6f3",
                "sha256:298908478d07871dbe17e9ccd37a10a27ad3f37cc1faaf0cc4d205da3c3e8539",
                "sha256:302ac0f4825501ab0900b8f1a2bb2dc7d28f69c7f15fbc799fb26f9b9ebb1ecb",
                "sha256:303d1b3da2461586379d98b344b529598c8156857285ba5bd156dab1c875d1f6",
                "sha256:306336dab4537b2343e52ec34017c3051c3aee5a961fff4915ab27f7e6d9b1e9",
                "sha256:30d35a8855f328a85e5002f0908b24e500efdf8f5f78b73098995ce111baa2a9",
                "sha256:3139c9ddee379c22a9109a0b3bf4cdb64597db2bbd3909f7a2825b47226977a4",
                "sha256:32e785c37f6a0e844788c6085ea2c9c0c528348c22cebe91896705a92f2b1b26",
                "sha256:33a5693e8d1fbb7743b7e867d43c1095652a0c6fedddab6cefe6020bee2ca393",
                "sha256:35d02603c2318676fca5049cdc722bb2e7a378eaccf139ad767365e0eb3bcdbe",
                "sha256:4516a5ce2beaebddc74d6e304ed520324dda99573c310ef4078284b026f81e93",
                "sha256:49bb36986f11da2da190a2e777a411c0a28eeb8623850091ea8099b84e3860c7",
                "sha256:4aa4800530782f7d38aeb169476a5bc692aacc394686f0ca3866e4bb85c9aa3f",
                "sha256:4d1cdece06156542c18b691511a01fe78a694b9fa287ffd8e15680dbf2beeed5",
                "sha256:4e4d2babb8737d650250d0fa940ffa1b88aa92b8eb399af093734950a1eeca45",
                "sha256:4fd5c4f25d8d488ee5701c3ec786f52907dca653b47ce8709bcc2bfb0f5506ae",
                "sha256:52c8b7bffd2140818ade2aa28c24cfe47935a7273a3bb976d1d8fb17e716536f",
                "sha256:56b856a459762a3c052987e28ed2bd4b874f0be6671d2cc4f74c4891f47f997a",
                "sha256:571a3e1ef4abeb4ac719ac381f5aada664627b4ee048d9995e93b4bcd0f70601",
                "sha256:5cae9c935cdc53e4729920543b7d990615a115d85f32144773bc4b2b05144628",
                "sha256:5d6ef3fa41f3e3be93483a77f81dea8c7ce5ed4411382a31af2b09b9ec5d9585",
                "sha256:6396f0db060db9d8751167ea08f3a77a41a71cd39236fade4409394e57b377e8",
                "sha256:69beffb048de19f7c18617b90e38cbddfac20077b1826c27c3fe2e3ef8ac5a43",
                "sha256:7507439cd799295893b5602f438f8b6a0f483efb00720df1aa33a39102b41bcf",
                "sha256:7aa40509dd9f75c256f0a7533d5e2ccef711dbbf0d91c13ac937d21d76d71656",
                "sha256:7d69a3d980ecbf7238ab37b9027c87ad3b278bb3742a150fc33b5a8a9d990431",
                "sha256:7dae2cf84a09329617b08731b95ad1fc98d50a9b40c2007e351438bd119a2f7a",
                "sha256:7f36eacc70849d40ce86c85042ecfcbeab810691b1a3b08062ede32a2d6521ac",
                "sha256:7f55a602d55e8f0feafde533c69dfd29bf0e54645ab0996b605613cda6894a85",
                "sha256:8357aa727094798f1d831339ecfd8b3e388c01db6015a3cbd51790cb75e39994",
                "sha256:84dc6bfeaeba98fe93fc837b12f9af4842694cdbde18083f150e80aec3de88f9",
                "sha256:86b18420f00d5977bda477369ac85e04185ef94046a04ae0d85f5a807d1a8eb4",
                "sha256:89f32d8450e15b0c11efdc81e2704d68c502c889d48415a50add9fa031144f75",
                "sha256:8a1de8931cdad8cd12724e12a6167eef8cb478cc3ee5d2c9f4670c934f2975e1",
                "sha256:8f106468062ac7ff03e3522a66cb7b36c662326d8eb7af1be0f30563740ff002",
                "sha256:9a4ea87a0401c06b687db29e2ae836b2b58480ab118cb6eea8ac2ef45a4345f8",
                "sha256:9ee1b019a4640bf39c0705ab65e934cfe6b89f1a8dc26f389fae3d7c62358d6f",
                "sha256:a0d7c6d6fbca62508ea525abd869fca78ecf68cd3bcf6ae67ec478aa37cf39c0",
                "sha256:a1417cb339a367a5dfd0e50193a1c0e87e31325547a0e7624ee4ff414c0b53b3",
                "sha256:a35f1937b0560587d478fd2259a6d4f66cf511c9d28e90b52b183745eaa77d95",
                "sha256:a4a35e83abfdac7095430e1c1476e0871e4b234e936f4a7a7631531b09a4f198",
                "sha256:a7d1c8830a7bc10420ceb60a256d25ab5b032a6dad12a46af6ab2e470cee9124",
                "sha256:a938d4d5b530f8ea988afb80817209eabc150c53b8c7af79d40080313a35e470",
                "sha256:a9a2c377106fe01a57bad0f703653de286d56ee5285ed36c6953535cfa11f928",
                "sha256:baf7546afd27be4f96f23307d7c295497fb512875167743b14a7457b95761294",
                "sha256:bb21e2f35d6f09aa4a6df0c716f41e036cfcf05a98323b50294f93085ad775e9",
                "sha256:bc62ba37bcb42e4146b853940b65a2de31c2962d2b6da9bc3ce28270d13b5c4e",
                "sha256:be3ba736aabf856195199208ed37459408c932940cbccd2dc9f6ff2e800b0261",
                "sha256:c03eb43d15c8af58159e7561076634d565530aaacaf48cf4e070c3501e88a372",
                "sha256:c1349331fa743eed4042f9652200e60596f8beb957554acbcbb42aad4272c606",
                "sha256:c3637cfce519560e2a2579d05eb81e912d109283b8ddc8de46f57ec20d273d92",
                "sha256:c481cd1af2a77f58f495f7f87c2d715c6f1179d07c1ec927cca1f7977a2d99aa",
                "sha256:c575f9499e5f540e034ff87bef894f031ae613a98b0d1d3afcc1f482527d5f1c",
                "sha256:c604831daf2e7e5979ecd97a90cb8c4a7bae208ff45bc792e32eae09c3281afb",
                "sha256:c759e1e0333664831d8d1d6b26cf59f23f3707758f696c71f506504b33130f81",
                "sha256:c8a2743dd50629c0222f26c5f55975e45841d985b4b1c7a54b3f03b53de3427d",
                "sha256:cbcac9263f500da94405cc9fc7e7a42a3ba6c2fe88b2cd7039737cba44c66889",
                "sha256:cce1b7a680653e31ff2b252f19a39f1ded578a35a96c419ddb9632c62d2af7d8",
                "sha256:cf96799b3e5e2e2f6dbca015f72b28e7ae415ce8147472f89a3704a035d6336d",
                "sha256:d06ed18917dbc7a938c4231cbbec52a7e474be270b2ef9208abb4d5a34f5ceb9",
                "sha256:d4ba5b4f1a0334dbe673f767f28775744e793fcb9ea57a1d72bc622c9f90e6b4",
                "sha256:d7b8f25c9b0043cbaf77b8b895814e33e7a3c807a097377c07e1bd49946030d5",
                "sha256:d86511ef8217822fb8716460aaa1ece31fe9e8a48900e541cb35acb7c35e9e2e",
                "sha256:db8a9cbe965c7343feab2e2bf9a3771f303f8a7ca401dececb6ef28e06b3b18c",
                "sha256:dbe92a8808cefb284e235b8f82933d7d2e24ff929fe5d53f1fd3ca55fced4b58",
                "sha256:deb83cc9f639045e2febcc8d4306d4b83893af8d895f2ed70aa342a3430b534c",
                "sha256:df9084e06efb3d59608a6a443faa9861828585579f0ae8e95f5a4dab70f1a00f",
                "sha256:dfb89e92746e4a1e0d091cba73d6cc1e16b4094ebdbb14c2e96a80320feb1ad7",
                "sha256:e13ddfe2ead9540e8773cae098f54c5206d6fcef64846a3e5042db47fc3a41ed",
                "sha256:e4956384340eec7b526149ac126c8aa11d32441cb3ce77a690cb4821d0d0635c",
                "sha256:e6eecd027b6ba5617ea6af3e12e20d578d8f4ad1bf51a9abe69c6fd4835ea532",
                "sha256:eff9818b7671a55f1ce781398607e0d8c304cd430c0581fbe15b868a7a371c27",
                "sha256:f0aea377b9dfc166c8fa05bb158c30ee3d53d73f0ed2fc05ba6c638d9563422f",
                "sha256:f1fba193ab2f25849e24caa4570611aa2f80bc1c1ba791851523734b4ed69e43",
                "sha256:f6db4f00d3baad615e99a865539391243d12b113fb628ebda1d7794ce02d5a10",
                "sha256:f9405c02af86850e0a8a8ba777b7e7609e0d07bff46adc4f78892cc2d5456018",
                "sha256:fb4445e3721720c5ca14c0650f35c263b3430e6e16df9d2504618df914b3fb99"
            ],
            "index": "pypi",
            "version": "==4.1.1"
        },
        "pyparsing": {
            "hashes": [
                "sha256:2b020ecf7d21b687f219b71ecad3631f644a47f01403fa1d1036b0c6416d70fb",
                "sha256:5026bae9a10eeaefb61dab2f09052b9f4307d44aee4eda64b309723d8d206bbc"
            ],
            "markers": "python_full_version >= '3.6.8'",
            "version": "==3.0.9"
        },
        "python-dateutil": {
            "hashes": [
                "sha256:0123cacc1627ae19ddf3c27a5de5bd67ee4586fbdd6440d9748f8abb483d3e86",
                "sha256:961d03dc3453ebbc59dbdea9e4e11c5651520a876d0f4db161e8674aae935da9"
            ],
            "markers": "python_version >= '2.7' and python_version not in '3.0, 3.1, 3.2'",
            "version": "==2.8.2"
        },
        "python-dotenv": {
            "hashes": [
                "sha256:b7e3b04a59693c42c36f9ab1cc2acc46fa5df8c78e178fc33a8d4cd05c8d498f",
                "sha256:d92a187be61fe482e4fd675b6d52200e7be63a12b724abbf931a40ce4fa92938"
            ],
            "markers": "python_version >= '3.5'",
            "version": "==0.20.0"
        },
        "pytz": {
            "hashes": [
                "sha256:1e760e2fe6a8163bc0b3d9a19c4f84342afa0a2affebfaa84b01b978a02ecaa7",
                "sha256:e68985985296d9a66a881eb3193b0906246245294a881e7c8afe623866ac6a5c"
            ],
            "version": "==2022.1"
        },
        "six": {
            "hashes": [
                "sha256:1e61c37477a1626458e36f7b1d82aa5c9b094fa4802892072e49de9c60c4c926",
                "sha256:8abb2f1d86890a2dfb989f9a77cfcfd3e47c2a354b01111771326f8aa26e0254"
            ],
            "markers": "python_version >= '2.7' and python_version not in '3.0, 3.1, 3.2'",
            "version": "==1.16.0"
        },
        "xarray": {
            "hashes": [
                "sha256:398344bf7d170477aaceff70210e11ebd69af6b156fe13978054d25c48729440",
                "sha256:560f36eaabe7a989d5583d37ec753dd737357aa6a6453e55c80bb4f92291a69e"
            ],
            "index": "pypi",
            "version": "==2022.3.0"
        }
    },
    "develop": {}
}
